
Microsoft Visual Studio Solution File, Format Version 12.00
# Visual Studio 15
VisualStudioVersion = 15.0.28307.779
MinimumVisualStudioVersion = 10.0.40219.1
Project("{FAE04EC0-301F-11D3-BF4B-00C04F79EFBC}") = "TASK_WEEK_1", "TASK_WEEK_1\TASK_WEEK_1.csproj", "{7BA07B54-4F08-4825-80D9-2B4816EE7006}"
EndProject
Project("{FAE04EC0-301F-11D3-BF4B-00C04F79EFBC}") = "Tasks", "Tasks\Tasks.csproj", "{D927ED44-53C4-4725-8434-3193872C5C70}"
EndProject
Global
	GlobalSection(SolutionConfigurationPlatforms) = preSolution
		Debug|Any CPU = Debug|Any CPU
		Release|Any CPU = Release|Any CPU
	EndGlobalSection
	GlobalSection(ProjectConfigurationPlatforms) = postSolution
		{7BA07B54-4F08-4825-80D9-2B4816EE7006}.Debug|Any CPU.ActiveCfg = Debug|Any CPU
		{7BA07B54-4F08-4825-80D9-2B4816EE7006}.Debug|Any CPU.Build.0 = Debug|Any CPU
		{7BA07B54-4F08-4825-80D9-2B4816EE7006}.Release|Any CPU.ActiveCfg = Release|Any CPU
		{7BA07B54-4F08-4825-80D9-2B4816EE7006}.Release|Any CPU.Build.0 = Release|Any CPU
		{D927ED44-53C4-4725-8434-3193872C5C70}.Debug|Any CPU.ActiveCfg = Debug|Any CPU
		{D927ED44-53C4-4725-8434-3193872C5C70}.Debug|Any CPU.Build.0 = Debug|Any CPU
		{D927ED44-53C4-4725-8434-3193872C5C70}.Release|Any CPU.ActiveCfg = Release|Any CPU
		{D927ED44-53C4-4725-8434-3193872C5C70}.Release|Any CPU.Build.0 = Release|Any CPU
	EndGlobalSection
	GlobalSection(SolutionProperties) = preSolution
		HideSolutionNode = FALSE
	EndGlobalSection
	GlobalSection(ExtensibilityGlobals) = postSolution
		SolutionGuid = {FBF903DC-F7B3-4152-8EDA-05A1B2A254EA}
	EndGlobalSection
EndGlobal
