
Microsoft Visual Studio Solution File, Format Version 12.00
# Visual Studio 15
VisualStudioVersion = 15.0.28307.779
MinimumVisualStudioVersion = 10.0.40219.1
Project("{FAE04EC0-301F-11D3-BF4B-00C04F79EFBC}") = "Laba_1", "Laba_1\Laba_1.csproj", "{31225C75-A5F5-4B9D-B665-D1A03162B762}"
EndProject
Project("{FAE04EC0-301F-11D3-BF4B-00C04F79EFBC}") = "Tasks", "Tasks\Tasks.csproj", "{4C7CA0E4-2CB7-4A9F-9543-F2E6AB1C82A4}"
EndProject
Global
	GlobalSection(SolutionConfigurationPlatforms) = preSolution
		Debug|Any CPU = Debug|Any CPU
		Release|Any CPU = Release|Any CPU
	EndGlobalSection
	GlobalSection(ProjectConfigurationPlatforms) = postSolution
		{31225C75-A5F5-4B9D-B665-D1A03162B762}.Debug|Any CPU.ActiveCfg = Debug|Any CPU
		{31225C75-A5F5-4B9D-B665-D1A03162B762}.Debug|Any CPU.Build.0 = Debug|Any CPU
		{31225C75-A5F5-4B9D-B665-D1A03162B762}.Release|Any CPU.ActiveCfg = Release|Any CPU
		{31225C75-A5F5-4B9D-B665-D1A03162B762}.Release|Any CPU.Build.0 = Release|Any CPU
		{4C7CA0E4-2CB7-4A9F-9543-F2E6AB1C82A4}.Debug|Any CPU.ActiveCfg = Debug|Any CPU
		{4C7CA0E4-2CB7-4A9F-9543-F2E6AB1C82A4}.Debug|Any CPU.Build.0 = Debug|Any CPU
		{4C7CA0E4-2CB7-4A9F-9543-F2E6AB1C82A4}.Release|Any CPU.ActiveCfg = Release|Any CPU
		{4C7CA0E4-2CB7-4A9F-9543-F2E6AB1C82A4}.Release|Any CPU.Build.0 = Release|Any CPU
	EndGlobalSection
	GlobalSection(SolutionProperties) = preSolution
		HideSolutionNode = FALSE
	EndGlobalSection
	GlobalSection(ExtensibilityGlobals) = postSolution
		SolutionGuid = {C875AE7B-1515-4320-8161-582783BD937F}
	EndGlobalSection
EndGlobal
