
Microsoft Visual Studio Solution File, Format Version 12.00
# Visual Studio 15
VisualStudioVersion = 15.0.28307.779
MinimumVisualStudioVersion = 10.0.40219.1
Project("{FAE04EC0-301F-11D3-BF4B-00C04F79EFBC}") = "DZ4", "DZ4\DZ4.csproj", "{3A9D7843-C09C-4908-9749-8567545B12C4}"
EndProject
Project("{FAE04EC0-301F-11D3-BF4B-00C04F79EFBC}") = "Task", "Task\Task.csproj", "{2DF2EE74-825E-47D9-9E31-ABAFF2620229}"
EndProject
Global
	GlobalSection(SolutionConfigurationPlatforms) = preSolution
		Debug|Any CPU = Debug|Any CPU
		Release|Any CPU = Release|Any CPU
	EndGlobalSection
	GlobalSection(ProjectConfigurationPlatforms) = postSolution
		{3A9D7843-C09C-4908-9749-8567545B12C4}.Debug|Any CPU.ActiveCfg = Debug|Any CPU
		{3A9D7843-C09C-4908-9749-8567545B12C4}.Debug|Any CPU.Build.0 = Debug|Any CPU
		{3A9D7843-C09C-4908-9749-8567545B12C4}.Release|Any CPU.ActiveCfg = Release|Any CPU
		{3A9D7843-C09C-4908-9749-8567545B12C4}.Release|Any CPU.Build.0 = Release|Any CPU
		{2DF2EE74-825E-47D9-9E31-ABAFF2620229}.Debug|Any CPU.ActiveCfg = Debug|Any CPU
		{2DF2EE74-825E-47D9-9E31-ABAFF2620229}.Debug|Any CPU.Build.0 = Debug|Any CPU
		{2DF2EE74-825E-47D9-9E31-ABAFF2620229}.Release|Any CPU.ActiveCfg = Release|Any CPU
		{2DF2EE74-825E-47D9-9E31-ABAFF2620229}.Release|Any CPU.Build.0 = Release|Any CPU
	EndGlobalSection
	GlobalSection(SolutionProperties) = preSolution
		HideSolutionNode = FALSE
	EndGlobalSection
	GlobalSection(ExtensibilityGlobals) = postSolution
		SolutionGuid = {A55C84A2-C0CE-45F7-9119-CA736FCAB68A}
	EndGlobalSection
EndGlobal
